// !$*UTF8*$!
{
	archiveVersion = 1;
	classes = {
	};
	objectVersion = 50;
	objects = {

/* Begin PBXBuildFile section */
		3E6C1A792125928300E50064 /* str_utils.c in Sources */ = {isa = PBXBuildFile; fileRef = 3E6C1A692125928300E50064 /* str_utils.c */; };
		3E6C1A7A2125928300E50064 /* MThreadPool.cpp in Sources */ = {isa = PBXBuildFile; fileRef = 3E6C1A6A2125928300E50064 /* MThreadPool.cpp */; };
		3E6C1A7B2125928300E50064 /* CThread.cpp in Sources */ = {isa = PBXBuildFile; fileRef = 3E6C1A702125928300E50064 /* CThread.cpp */; };
		3E6C1A7C2125928300E50064 /* port.c in Sources */ = {isa = PBXBuildFile; fileRef = 3E6C1A752125928300E50064 /* port.c */; };
		3E6C1A7D2125928300E50064 /* logging.c in Sources */ = {isa = PBXBuildFile; fileRef = 3E6C1A782125928300E50064 /* logging.c */; };
		3EA21A692175CE1C00A9CDC9 /* c++experimental.cpp in Sources */ = {isa = PBXBuildFile; fileRef = 3EE1AF9E216B3F2E005145BF /* c++experimental.cpp */; };
		3EB96A78216DE78000668639 /* MThreadPool.cpp in Sources */ = {isa = PBXBuildFile; fileRef = 3E6C1A6A2125928300E50064 /* MThreadPool.cpp */; };
		97600AB52768439200C7A6E9 /* thread_pool.cc in Sources */ = {isa = PBXBuildFile; fileRef = 97600AB42768439200C7A6E9 /* thread_pool.cc */; };
		97600AC02768463400C7A6E9 /* main.cpp in Sources */ = {isa = PBXBuildFile; fileRef = 3E6C1A61212591F000E50064 /* main.cpp */; };
/* End PBXBuildFile section */

/* Begin PBXCopyFilesBuildPhase section */
		3E3370D1216B5F3B003C66D2 /* CopyFiles */ = {
			isa = PBXCopyFilesBuildPhase;
			buildActionMask = 2147483647;
			dstPath = /usr/share/man/man1/;
			dstSubfolderSpec = 0;
			files = (
			);
			runOnlyForDeploymentPostprocessing = 1;
		};
		3E6C1A5C212591F000E50064 /* CopyFiles */ = {
			isa = PBXCopyFilesBuildPhase;
			buildActionMask = 2147483647;
			dstPath = /usr/share/man/man1/;
			dstSubfolderSpec = 0;
			files = (
			);
			runOnlyForDeploymentPostprocessing = 1;
		};
/* End PBXCopyFilesBuildPhase section */

/* Begin PBXFileReference section */
		3E1F9AE12126E252006CE590 /* threadpool-boost.cpp */ = {isa = PBXFileReference; lastKnownFileType = sourcecode.cpp.cpp; path = "threadpool-boost.cpp"; sourceTree = "<group>"; };
		3E1F9B3A21301118006CE590 /* boost-timer.cpp */ = {isa = PBXFileReference; lastKnownFileType = sourcecode.cpp.cpp; path = "boost-timer.cpp"; sourceTree = "<group>"; };
		3E3370D3216B5F3B003C66D2 /* cppdev */ = {isa = PBXFileReference; explicitFileType = "compiled.mach-o.executable"; includeInIndex = 0; path = cppdev; sourceTree = BUILT_PRODUCTS_DIR; };
		3E3370D5216B5F3B003C66D2 /* main.cpp */ = {isa = PBXFileReference; lastKnownFileType = sourcecode.cpp.cpp; path = main.cpp; sourceTree = "<group>"; };
		3E6C1A5E212591F000E50064 /* devbase */ = {isa = PBXFileReference; explicitFileType = "compiled.mach-o.executable"; includeInIndex = 0; path = devbase; sourceTree = BUILT_PRODUCTS_DIR; };
		3E6C1A61212591F000E50064 /* main.cpp */ = {isa = PBXFileReference; lastKnownFileType = sourcecode.cpp.cpp; path = main.cpp; sourceTree = "<group>"; };
		3E6C1A692125928300E50064 /* str_utils.c */ = {isa = PBXFileReference; fileEncoding = 4; lastKnownFileType = sourcecode.c.c; path = str_utils.c; sourceTree = "<group>"; };
		3E6C1A6A2125928300E50064 /* MThreadPool.cpp */ = {isa = PBXFileReference; fileEncoding = 4; lastKnownFileType = sourcecode.cpp.cpp; path = MThreadPool.cpp; sourceTree = "<group>"; };
		3E6C1A6B2125928300E50064 /* CThread.h */ = {isa = PBXFileReference; fileEncoding = 4; lastKnownFileType = sourcecode.c.h; path = CThread.h; sourceTree = "<group>"; };
		3E6C1A6C2125928300E50064 /* port.h */ = {isa = PBXFileReference; fileEncoding = 4; lastKnownFileType = sourcecode.c.h; path = port.h; sourceTree = "<group>"; };
		3E6C1A6D2125928300E50064 /* MMessageQueue.hpp */ = {isa = PBXFileReference; fileEncoding = 4; lastKnownFileType = sourcecode.cpp.h; path = MMessageQueue.hpp; sourceTree = "<group>"; };
		3E6C1A6E2125928300E50064 /* CFastCustomQueue.h */ = {isa = PBXFileReference; fileEncoding = 4; lastKnownFileType = sourcecode.c.h; path = CFastCustomQueue.h; sourceTree = "<group>"; };
		3E6C1A6F2125928300E50064 /* IQueue.h */ = {isa = PBXFileReference; fileEncoding = 4; lastKnownFileType = sourcecode.c.h; path = IQueue.h; sourceTree = "<group>"; };
		3E6C1A702125928300E50064 /* CThread.cpp */ = {isa = PBXFileReference; fileEncoding = 4; lastKnownFileType = sourcecode.cpp.cpp; path = CThread.cpp; sourceTree = "<group>"; };
		3E6C1A712125928300E50064 /* MTimer.hpp */ = {isa = PBXFileReference; fileEncoding = 4; lastKnownFileType = sourcecode.cpp.h; path = MTimer.hpp; sourceTree = "<group>"; };
		3E6C1A722125928300E50064 /* logging.h */ = {isa = PBXFileReference; fileEncoding = 4; lastKnownFileType = sourcecode.c.h; path = logging.h; sourceTree = "<group>"; };
		3E6C1A732125928300E50064 /* MThread.hpp */ = {isa = PBXFileReference; fileEncoding = 4; lastKnownFileType = sourcecode.cpp.h; path = MThread.hpp; sourceTree = "<group>"; };
		3E6C1A742125928300E50064 /* str_utils.h */ = {isa = PBXFileReference; fileEncoding = 4; lastKnownFileType = sourcecode.c.h; path = str_utils.h; sourceTree = "<group>"; };
		3E6C1A752125928300E50064 /* port.c */ = {isa = PBXFileReference; fileEncoding = 4; lastKnownFileType = sourcecode.c.c; path = port.c; sourceTree = "<group>"; };
		3E6C1A762125928300E50064 /* MThreadPool.hpp */ = {isa = PBXFileReference; fileEncoding = 4; lastKnownFileType = sourcecode.cpp.h; path = MThreadPool.hpp; sourceTree = "<group>"; };
		3E6C1A772125928300E50064 /* spin_mutex.h */ = {isa = PBXFileReference; fileEncoding = 4; lastKnownFileType = sourcecode.c.h; path = spin_mutex.h; sourceTree = "<group>"; };
		3E6C1A782125928300E50064 /* logging.c */ = {isa = PBXFileReference; fileEncoding = 4; lastKnownFileType = sourcecode.c.c; path = logging.c; sourceTree = "<group>"; };
		3E6C1A7E2125937400E50064 /* MMessage.h */ = {isa = PBXFileReference; fileEncoding = 4; lastKnownFileType = sourcecode.c.h; path = MMessage.h; sourceTree = "<group>"; };
		3E6C1A80212594A000E50064 /* actor-boost.cpp */ = {isa = PBXFileReference; lastKnownFileType = sourcecode.cpp.cpp; path = "actor-boost.cpp"; sourceTree = "<group>"; };
		3EE1AF9E216B3F2E005145BF /* c++experimental.cpp */ = {isa = PBXFileReference; lastKnownFileType = sourcecode.cpp.cpp; path = "c++experimental.cpp"; sourceTree = "<group>"; };
		3EEE7297215F752700506653 /* ppl_test.cpp */ = {isa = PBXFileReference; lastKnownFileType = sourcecode.cpp.cpp; path = ppl_test.cpp; sourceTree = "<group>"; };
		97600AB32768439200C7A6E9 /* thread_pool.h */ = {isa = PBXFileReference; fileEncoding = 4; lastKnownFileType = sourcecode.c.h; path = thread_pool.h; sourceTree = "<group>"; };
		97600AB42768439200C7A6E9 /* thread_pool.cc */ = {isa = PBXFileReference; fileEncoding = 4; lastKnownFileType = sourcecode.cpp.cpp; path = thread_pool.cc; sourceTree = "<group>"; };
/* End PBXFileReference section */

/* Begin PBXFrameworksBuildPhase section */
		3E3370D0216B5F3B003C66D2 /* Frameworks */ = {
			isa = PBXFrameworksBuildPhase;
			buildActionMask = 2147483647;
			files = (
			);
			runOnlyForDeploymentPostprocessing = 0;
		};
		3E6C1A5B212591F000E50064 /* Frameworks */ = {
			isa = PBXFrameworksBuildPhase;
			buildActionMask = 2147483647;
			files = (
			);
			runOnlyForDeploymentPostprocessing = 0;
		};
/* End PBXFrameworksBuildPhase section */

/* Begin PBXGroup section */
		3E3370D4216B5F3B003C66D2 /* cppdev */ = {
			isa = PBXGroup;
			children = (
				3E3370D5216B5F3B003C66D2 /* main.cpp */,
			);
			path = cppdev;
			sourceTree = "<group>";
		};
		3E6C1A55212591F000E50064 = {
			isa = PBXGroup;
			children = (
				3E6C1A7F2125946000E50064 /* boost */,
				3E6C1A682125928300E50064 /* common */,
				3E6C1A60212591F000E50064 /* devbase */,
				3E3370D4216B5F3B003C66D2 /* cppdev */,
				3E6C1A5F212591F000E50064 /* Products */,
			);
			sourceTree = "<group>";
		};
		3E6C1A5F212591F000E50064 /* Products */ = {
			isa = PBXGroup;
			children = (
				3E6C1A5E212591F000E50064 /* devbase */,
				3E3370D3216B5F3B003C66D2 /* cppdev */,
			);
			name = Products;
			sourceTree = "<group>";
		};
		3E6C1A60212591F000E50064 /* devbase */ = {
			isa = PBXGroup;
			children = (
				3E6C1A61212591F000E50064 /* main.cpp */,
				3EEE7297215F752700506653 /* ppl_test.cpp */,
				3EE1AF9E216B3F2E005145BF /* c++experimental.cpp */,
			);
			path = devbase;
			sourceTree = "<group>";
		};
		3E6C1A682125928300E50064 /* common */ = {
			isa = PBXGroup;
			children = (
				97600AB42768439200C7A6E9 /* thread_pool.cc */,
				97600AB32768439200C7A6E9 /* thread_pool.h */,
				3E6C1A7E2125937400E50064 /* MMessage.h */,
				3E6C1A692125928300E50064 /* str_utils.c */,
				3E6C1A6A2125928300E50064 /* MThreadPool.cpp */,
				3E6C1A6B2125928300E50064 /* CThread.h */,
				3E6C1A6C2125928300E50064 /* port.h */,
				3E6C1A6D2125928300E50064 /* MMessageQueue.hpp */,
				3E6C1A6E2125928300E50064 /* CFastCustomQueue.h */,
				3E6C1A6F2125928300E50064 /* IQueue.h */,
				3E6C1A702125928300E50064 /* CThread.cpp */,
				3E6C1A712125928300E50064 /* MTimer.hpp */,
				3E6C1A722125928300E50064 /* logging.h */,
				3E6C1A732125928300E50064 /* MThread.hpp */,
				3E6C1A742125928300E50064 /* str_utils.h */,
				3E6C1A752125928300E50064 /* port.c */,
				3E6C1A762125928300E50064 /* MThreadPool.hpp */,
				3E6C1A772125928300E50064 /* spin_mutex.h */,
				3E6C1A782125928300E50064 /* logging.c */,
			);
			name = common;
			path = ../common;
			sourceTree = "<group>";
		};
		3E6C1A7F2125946000E50064 /* boost */ = {
			isa = PBXGroup;
			children = (
				3E6C1A80212594A000E50064 /* actor-boost.cpp */,
				3E1F9AE12126E252006CE590 /* threadpool-boost.cpp */,
				3E1F9B3A21301118006CE590 /* boost-timer.cpp */,
			);
			path = boost;
			sourceTree = "<group>";
		};
/* End PBXGroup section */

/* Begin PBXNativeTarget section */
		3E3370D2216B5F3B003C66D2 /* cppdev */ = {
			isa = PBXNativeTarget;
			buildConfigurationList = 3E3370D7216B5F3B003C66D2 /* Build configuration list for PBXNativeTarget "cppdev" */;
			buildPhases = (
				3E3370CF216B5F3B003C66D2 /* Sources */,
				3E3370D0216B5F3B003C66D2 /* Frameworks */,
				3E3370D1216B5F3B003C66D2 /* CopyFiles */,
			);
			buildRules = (
			);
			dependencies = (
			);
			name = cppdev;
			productName = cppdev;
			productReference = 3E3370D3216B5F3B003C66D2 /* cppdev */;
			productType = "com.apple.product-type.tool";
		};
		3E6C1A5D212591F000E50064 /* devbase */ = {
			isa = PBXNativeTarget;
			buildConfigurationList = 3E6C1A65212591F000E50064 /* Build configuration list for PBXNativeTarget "devbase" */;
			buildPhases = (
				3E6C1A5A212591F000E50064 /* Sources */,
				3E6C1A5B212591F000E50064 /* Frameworks */,
				3E6C1A5C212591F000E50064 /* CopyFiles */,
			);
			buildRules = (
			);
			dependencies = (
			);
			name = devbase;
			productName = devbase;
			productReference = 3E6C1A5E212591F000E50064 /* devbase */;
			productType = "com.apple.product-type.tool";
		};
/* End PBXNativeTarget section */

/* Begin PBXProject section */
		3E6C1A56212591F000E50064 /* Project object */ = {
			isa = PBXProject;
			attributes = {
				LastUpgradeCheck = 0940;
				ORGANIZATIONNAME = shuyj;
				TargetAttributes = {
					3E3370D2216B5F3B003C66D2 = {
						CreatedOnToolsVersion = 10.0;
					};
					3E6C1A5D212591F000E50064 = {
						CreatedOnToolsVersion = 9.4.1;
					};
				};
			};
			buildConfigurationList = 3E6C1A59212591F000E50064 /* Build configuration list for PBXProject "devbase" */;
			compatibilityVersion = "Xcode 9.3";
			developmentRegion = en;
			hasScannedForEncodings = 0;
			knownRegions = (
				en,
			);
			mainGroup = 3E6C1A55212591F000E50064;
			productRefGroup = 3E6C1A5F212591F000E50064 /* Products */;
			projectDirPath = "";
			projectRoot = "";
			targets = (
				3E6C1A5D212591F000E50064 /* devbase */,
				3E3370D2216B5F3B003C66D2 /* cppdev */,
			);
		};
/* End PBXProject section */

/* Begin PBXSourcesBuildPhase section */
		3E3370CF216B5F3B003C66D2 /* Sources */ = {
			isa = PBXSourcesBuildPhase;
			buildActionMask = 2147483647;
			files = (
				3EB96A78216DE78000668639 /* MThreadPool.cpp in Sources */,
				3EA21A692175CE1C00A9CDC9 /* c++experimental.cpp in Sources */,
			);
			runOnlyForDeploymentPostprocessing = 0;
		};
		3E6C1A5A212591F000E50064 /* Sources */ = {
			isa = PBXSourcesBuildPhase;
			buildActionMask = 2147483647;
			files = (
				97600AC02768463400C7A6E9 /* main.cpp in Sources */,
				97600AB52768439200C7A6E9 /* thread_pool.cc in Sources */,
				3E6C1A7C2125928300E50064 /* port.c in Sources */,
				3E6C1A7D2125928300E50064 /* logging.c in Sources */,
				3E6C1A7A2125928300E50064 /* MThreadPool.cpp in Sources */,
				3E6C1A792125928300E50064 /* str_utils.c in Sources */,
				3E6C1A7B2125928300E50064 /* CThread.cpp in Sources */,
			);
			runOnlyForDeploymentPostprocessing = 0;
		};
/* End PBXSourcesBuildPhase section */

/* Begin XCBuildConfiguration section */
		3E3370D8216B5F3B003C66D2 /* Debug */ = {
			isa = XCBuildConfiguration;
			buildSettings = {
				CLANG_CXX_LANGUAGE_STANDARD = "gnu++17";
				CODE_SIGN_STYLE = Automatic;
				MTL_ENABLE_DEBUG_INFO = INCLUDE_SOURCE;
				MTL_FAST_MATH = YES;
				PRODUCT_NAME = "$(TARGET_NAME)";
			};
			name = Debug;
		};
		3E3370D9216B5F3B003C66D2 /* Release */ = {
			isa = XCBuildConfiguration;
			buildSettings = {
				CLANG_CXX_LANGUAGE_STANDARD = "gnu++17";
				CODE_SIGN_STYLE = Automatic;
				MTL_FAST_MATH = YES;
				PRODUCT_NAME = "$(TARGET_NAME)";
			};
			name = Release;
		};
		3E6C1A63212591F000E50064 /* Debug */ = {
			isa = XCBuildConfiguration;
			buildSettings = {
				ALWAYS_SEARCH_USER_PATHS = NO;
				CLANG_ANALYZER_NONNULL = YES;
				CLANG_ANALYZER_NUMBER_OBJECT_CONVERSION = YES_AGGRESSIVE;
				CLANG_CXX_LANGUAGE_STANDARD = "gnu++14";
				CLANG_CXX_LIBRARY = "libc++";
				CLANG_ENABLE_MODULES = YES;
				CLANG_ENABLE_OBJC_ARC = YES;
				CLANG_ENABLE_OBJC_WEAK = YES;
				CLANG_WARN_BLOCK_CAPTURE_AUTORELEASING = YES;
				CLANG_WARN_BOOL_CONVERSION = YES;
				CLANG_WARN_COMMA = YES;
				CLANG_WARN_CONSTANT_CONVERSION = YES;
				CLANG_WARN_DEPRECATED_OBJC_IMPLEMENTATIONS = YES;
				CLANG_WARN_DIRECT_OBJC_ISA_USAGE = YES_ERROR;
				CLANG_WARN_DOCUMENTATION_COMMENTS = YES;
				CLANG_WARN_EMPTY_BODY = YES;
				CLANG_WARN_ENUM_CONVERSION = YES;
				CLANG_WARN_INFINITE_RECURSION = YES;
				CLANG_WARN_INT_CONVERSION = YES;
				CLANG_WARN_NON_LITERAL_NULL_CONVERSION = YES;
				CLANG_WARN_OBJC_IMPLICIT_RETAIN_SELF = YES;
				CLANG_WARN_OBJC_LITERAL_CONVERSION = YES;
				CLANG_WARN_OBJC_ROOT_CLASS = YES_ERROR;
				CLANG_WARN_RANGE_LOOP_ANALYSIS = YES;
				CLANG_WARN_STRICT_PROTOTYPES = YES;
				CLANG_WARN_SUSPICIOUS_MOVE = YES;
				CLANG_WARN_UNGUARDED_AVAILABILITY = YES_AGGRESSIVE;
				CLANG_WARN_UNREACHABLE_CODE = YES;
				CLANG_WARN__DUPLICATE_METHOD_MATCH = YES;
				CODE_SIGN_IDENTITY = "-";
				COPY_PHASE_STRIP = NO;
				DEBUG_INFORMATION_FORMAT = dwarf;
				ENABLE_STRICT_OBJC_MSGSEND = YES;
				ENABLE_TESTABILITY = YES;
				GCC_C_LANGUAGE_STANDARD = gnu11;
				GCC_DYNAMIC_NO_PIC = NO;
				GCC_NO_COMMON_BLOCKS = YES;
				GCC_OPTIMIZATION_LEVEL = 0;
				GCC_PREPROCESSOR_DEFINITIONS = (
					"DEBUG=1",
					"$(inherited)",
				);
				GCC_WARN_64_TO_32_BIT_CONVERSION = YES;
				GCC_WARN_ABOUT_RETURN_TYPE = YES_ERROR;
				GCC_WARN_UNDECLARED_SELECTOR = YES;
				GCC_WARN_UNINITIALIZED_AUTOS = YES_AGGRESSIVE;
				GCC_WARN_UNUSED_FUNCTION = YES;
				GCC_WARN_UNUSED_VARIABLE = YES;
				MACOSX_DEPLOYMENT_TARGET = 10.13;
				MTL_ENABLE_DEBUG_INFO = YES;
				ONLY_ACTIVE_ARCH = YES;
				SDKROOT = macosx;
			};
			name = Debug;
		};
		3E6C1A64212591F000E50064 /* Release */ = {
			isa = XCBuildConfiguration;
			buildSettings = {
				ALWAYS_SEARCH_USER_PATHS = NO;
				CLANG_ANALYZER_NONNULL = YES;
				CLANG_ANALYZER_NUMBER_OBJECT_CONVERSION = YES_AGGRESSIVE;
				CLANG_CXX_LANGUAGE_STANDARD = "gnu++14";
				CLANG_CXX_LIBRARY = "libc++";
				CLANG_ENABLE_MODULES = YES;
				CLANG_ENABLE_OBJC_ARC = YES;
				CLANG_ENABLE_OBJC_WEAK = YES;
				CLANG_WARN_BLOCK_CAPTURE_AUTORELEASING = YES;
				CLANG_WARN_BOOL_CONVERSION = YES;
				CLANG_WARN_COMMA = YES;
				CLANG_WARN_CONSTANT_CONVERSION = YES;
				CLANG_WARN_DEPRECATED_OBJC_IMPLEMENTATIONS = YES;
				CLANG_WARN_DIRECT_OBJC_ISA_USAGE = YES_ERROR;
				CLANG_WARN_DOCUMENTATION_COMMENTS = YES;
				CLANG_WARN_EMPTY_BODY = YES;
				CLANG_WARN_ENUM_CONVERSION = YES;
				CLANG_WARN_INFINITE_RECURSION = YES;
				CLANG_WARN_INT_CONVERSION = YES;
				CLANG_WARN_NON_LITERAL_NULL_CONVERSION = YES;
				CLANG_WARN_OBJC_IMPLICIT_RETAIN_SELF = YES;
				CLANG_WARN_OBJC_LITERAL_CONVERSION = YES;
				CLANG_WARN_OBJC_ROOT_CLASS = YES_ERROR;
				CLANG_WARN_RANGE_LOOP_ANALYSIS = YES;
				CLANG_WARN_STRICT_PROTOTYPES = YES;
				CLANG_WARN_SUSPICIOUS_MOVE = YES;
				CLANG_WARN_UNGUARDED_AVAILABILITY = YES_AGGRESSIVE;
				CLANG_WARN_UNREACHABLE_CODE = YES;
				CLANG_WARN__DUPLICATE_METHOD_MATCH = YES;
				CODE_SIGN_IDENTITY = "-";
				COPY_PHASE_STRIP = NO;
				DEBUG_INFORMATION_FORMAT = "dwarf-with-dsym";
				ENABLE_NS_ASSERTIONS = NO;
				ENABLE_STRICT_OBJC_MSGSEND = YES;
				GCC_C_LANGUAGE_STANDARD = gnu11;
				GCC_NO_COMMON_BLOCKS = YES;
				GCC_WARN_64_TO_32_BIT_CONVERSION = YES;
				GCC_WARN_ABOUT_RETURN_TYPE = YES_ERROR;
				GCC_WARN_UNDECLARED_SELECTOR = YES;
				GCC_WARN_UNINITIALIZED_AUTOS = YES_AGGRESSIVE;
				GCC_WARN_UNUSED_FUNCTION = YES;
				GCC_WARN_UNUSED_VARIABLE = YES;
				MACOSX_DEPLOYMENT_TARGET = 10.13;
				MTL_ENABLE_DEBUG_INFO = NO;
				SDKROOT = macosx;
			};
			name = Release;
		};
		3E6C1A66212591F000E50064 /* Debug */ = {
			isa = XCBuildConfiguration;
			buildSettings = {
				CLANG_CXX_LANGUAGE_STANDARD = "gnu++14";
				CODE_SIGN_STYLE = Automatic;
				GCC_PREPROCESSOR_DEFINITIONS = (
					"TARGET_OS_IPHONE=1",
					"DEBUG=1",
				);
				HEADER_SEARCH_PATHS = "$(SRCROOT)/../third-party/boost/boost_1_63_0/include";
				LIBRARY_SEARCH_PATHS = "$(SRCROOT)/../third-party/boost/boost_1_63_0/lib";
				OTHER_LDFLAGS = "";
				PRODUCT_NAME = "$(TARGET_NAME)";
			};
			name = Debug;
		};
		3E6C1A67212591F000E50064 /* Release */ = {
			isa = XCBuildConfiguration;
			buildSettings = {
				CLANG_CXX_LANGUAGE_STANDARD = "gnu++14";
				CODE_SIGN_STYLE = Automatic;
				GCC_PREPROCESSOR_DEFINITIONS = "TARGET_OS_IPHONE=1";
				HEADER_SEARCH_PATHS = "$(SRCROOT)/../third-party/boost/boost_1_63_0/include";
				LIBRARY_SEARCH_PATHS = "$(SRCROOT)/../third-party/boost/boost_1_63_0/lib";
				OTHER_LDFLAGS = "";
				PRODUCT_NAME = "$(TARGET_NAME)";
			};
			name = Release;
		};
/* End XCBuildConfiguration section */

/* Begin XCConfigurationList section */
		3E3370D7216B5F3B003C66D2 /* Build configuration list for PBXNativeTarget "cppdev" */ = {
			isa = XCConfigurationList;
			buildConfigurations = (
				3E3370D8216B5F3B003C66D2 /* Debug */,
				3E3370D9216B5F3B003C66D2 /* Release */,
			);
			defaultConfigurationIsVisible = 0;
			defaultConfigurationName = Release;
		};
		3E6C1A59212591F000E50064 /* Build configuration list for PBXProject "devbase" */ = {
			isa = XCConfigurationList;
			buildConfigurations = (
				3E6C1A63212591F000E50064 /* Debug */,
				3E6C1A64212591F000E50064 /* Release */,
			);
			defaultConfigurationIsVisible = 0;
			defaultConfigurationName = Release;
		};
		3E6C1A65212591F000E50064 /* Build configuration list for PBXNativeTarget "devbase" */ = {
			isa = XCConfigurationList;
			buildConfigurations = (
				3E6C1A66212591F000E50064 /* Debug */,
				3E6C1A67212591F000E50064 /* Release */,
			);
			defaultConfigurationIsVisible = 0;
			defaultConfigurationName = Release;
		};
/* End XCConfigurationList section */
	};
	rootObject = 3E6C1A56212591F000E50064 /* Project object */;
}
